<Solution>
  <Folder Name="/samples/">
    <Project Path="samples/AgentWithMemory_Step10_MemoryUsingChroma/AgentWithMemory_Step10_MemoryUsingChroma.csproj" />
    <Project Path="samples/AgentWithMemory_Step10_MemoryUsingChroma_Ollama/AgentWithMemory_Step10_MemoryUsingChroma_Ollama.csproj" />
  </Folder>
  <Folder Name="/src/">
    <Project Path="src/LibraryAssistant/LibraryAssistant.csproj" />
  </Folder>
  <Folder Name="/test/">
    <Project Path="test/LibraryAssistant.Tests/LibraryAssistant.Tests.csproj" />
  </Folder>
</Solution>
